
Microsoft Visual Studio Solution File, Format Version 12.00
# Visual Studio Version 17
VisualStudioVersion = 17.12.35527.113 d17.12
MinimumVisualStudioVersion = 10.0.40219.1
Project("{FAE04EC0-301F-11D3-BF4B-00C04F79EFBC}") = "TRAODOITAILIEU", "TRAODOITAILIEU\TRAODOITAILIEU.csproj", "{80D7E665-0C4E-41AA-A44D-BAFD82EB678A}"
EndProject
Global
	GlobalSection(SolutionConfigurationPlatforms) = preSolution
		Debug|Any CPU = Debug|Any CPU
		Release|Any CPU = Release|Any CPU
	EndGlobalSection
	GlobalSection(ProjectConfigurationPlatforms) = postSolution
		{80D7E665-0C4E-41AA-A44D-BAFD82EB678A}.Debug|Any CPU.ActiveCfg = Debug|Any CPU
		{80D7E665-0C4E-41AA-A44D-BAFD82EB678A}.Debug|Any CPU.Build.0 = Debug|Any CPU
		{80D7E665-0C4E-41AA-A44D-BAFD82EB678A}.Release|Any CPU.ActiveCfg = Release|Any CPU
		{80D7E665-0C4E-41AA-A44D-BAFD82EB678A}.Release|Any CPU.Build.0 = Release|Any CPU
	EndGlobalSection
	GlobalSection(SolutionProperties) = preSolution
		HideSolutionNode = FALSE
	EndGlobalSection
EndGlobal
